// !$*UTF8*$!
{
	archiveVersion = 1;
	classes = {
	};
	objectVersion = 56;
	objects = {

/* Begin PBXBuildFile section */
		72E0A2DF2AE8EF6C0026CCF2 /* AppDelegate.swift in Sources */ = {isa = PBXBuildFile; fileRef = 72E0A2DE2AE8EF6C0026CCF2 /* AppDelegate.swift */; };
		72E0A2E12AE8EF6C0026CCF2 /* SceneDelegate.swift in Sources */ = {isa = PBXBuildFile; fileRef = 72E0A2E02AE8EF6C0026CCF2 /* SceneDelegate.swift */; };
		72E0A2E62AE8EF6C0026CCF2 /* Main.storyboard in Resources */ = {isa = PBXBuildFile; fileRef = 72E0A2E42AE8EF6C0026CCF2 /* Main.storyboard */; };
		72E0A2E82AE8EF6D0026CCF2 /* Assets.xcassets in Resources */ = {isa = PBXBuildFile; fileRef = 72E0A2E72AE8EF6D0026CCF2 /* Assets.xcassets */; };
		72E0A2EB2AE8EF6D0026CCF2 /* LaunchScreen.storyboard in Resources */ = {isa = PBXBuildFile; fileRef = 72E0A2E92AE8EF6D0026CCF2 /* LaunchScreen.storyboard */; };
		72E0A2F32AE9005E0026CCF2 /* ContactListTabBar.swift in Sources */ = {isa = PBXBuildFile; fileRef = 72E0A2F22AE9005E0026CCF2 /* ContactListTabBar.swift */; };
		72E0A2F52AE9031E0026CCF2 /* PersonsListTableVC.swift in Sources */ = {isa = PBXBuildFile; fileRef = 72E0A2F42AE9031E0026CCF2 /* PersonsListTableVC.swift */; };
		72E0A2F72AE903530026CCF2 /* PersonsListDetailTableVC.swift in Sources */ = {isa = PBXBuildFile; fileRef = 72E0A2F62AE903530026CCF2 /* PersonsListDetailTableVC.swift */; };
		72E0A2F92AE907110026CCF2 /* PersonsListMoreVC.swift in Sources */ = {isa = PBXBuildFile; fileRef = 72E0A2F82AE907110026CCF2 /* PersonsListMoreVC.swift */; };
		72E0A2FF2AE917DD0026CCF2 /* Person.swift in Sources */ = {isa = PBXBuildFile; fileRef = 72E0A2FE2AE917DD0026CCF2 /* Person.swift */; };
		72E0A3022AE918A10026CCF2 /* DataStore.swift in Sources */ = {isa = PBXBuildFile; fileRef = 72E0A3012AE918A10026CCF2 /* DataStore.swift */; };
/* End PBXBuildFile section */

/* Begin PBXFileReference section */
		72E0A2DB2AE8EF6C0026CCF2 /* ContactList.app */ = {isa = PBXFileReference; explicitFileType = wrapper.application; includeInIndex = 0; path = ContactList.app; sourceTree = BUILT_PRODUCTS_DIR; };
		72E0A2DE2AE8EF6C0026CCF2 /* AppDelegate.swift */ = {isa = PBXFileReference; lastKnownFileType = sourcecode.swift; path = AppDelegate.swift; sourceTree = "<group>"; };
		72E0A2E02AE8EF6C0026CCF2 /* SceneDelegate.swift */ = {isa = PBXFileReference; lastKnownFileType = sourcecode.swift; path = SceneDelegate.swift; sourceTree = "<group>"; };
		72E0A2E52AE8EF6C0026CCF2 /* Base */ = {isa = PBXFileReference; lastKnownFileType = file.storyboard; name = Base; path = Base.lproj/Main.storyboard; sourceTree = "<group>"; };
		72E0A2E72AE8EF6D0026CCF2 /* Assets.xcassets */ = {isa = PBXFileReference; lastKnownFileType = folder.assetcatalog; path = Assets.xcassets; sourceTree = "<group>"; };
		72E0A2EA2AE8EF6D0026CCF2 /* Base */ = {isa = PBXFileReference; lastKnownFileType = file.storyboard; name = Base; path = Base.lproj/LaunchScreen.storyboard; sourceTree = "<group>"; };
		72E0A2EC2AE8EF6D0026CCF2 /* Info.plist */ = {isa = PBXFileReference; lastKnownFileType = text.plist.xml; path = Info.plist; sourceTree = "<group>"; };
		72E0A2F22AE9005E0026CCF2 /* ContactListTabBar.swift */ = {isa = PBXFileReference; lastKnownFileType = sourcecode.swift; path = ContactListTabBar.swift; sourceTree = "<group>"; };
		72E0A2F42AE9031E0026CCF2 /* PersonsListTableVC.swift */ = {isa = PBXFileReference; lastKnownFileType = sourcecode.swift; path = PersonsListTableVC.swift; sourceTree = "<group>"; };
		72E0A2F62AE903530026CCF2 /* PersonsListDetailTableVC.swift */ = {isa = PBXFileReference; lastKnownFileType = sourcecode.swift; path = PersonsListDetailTableVC.swift; sourceTree = "<group>"; };
		72E0A2F82AE907110026CCF2 /* PersonsListMoreVC.swift */ = {isa = PBXFileReference; lastKnownFileType = sourcecode.swift; path = PersonsListMoreVC.swift; sourceTree = "<group>"; };
		72E0A2FE2AE917DD0026CCF2 /* Person.swift */ = {isa = PBXFileReference; lastKnownFileType = sourcecode.swift; path = Person.swift; sourceTree = "<group>"; };
		72E0A3012AE918A10026CCF2 /* DataStore.swift */ = {isa = PBXFileReference; lastKnownFileType = sourcecode.swift; path = DataStore.swift; sourceTree = "<group>"; };
/* End PBXFileReference section */

/* Begin PBXFrameworksBuildPhase section */
		72E0A2D82AE8EF6C0026CCF2 /* Frameworks */ = {
			isa = PBXFrameworksBuildPhase;
			buildActionMask = 2147483647;
			files = (
			);
			runOnlyForDeploymentPostprocessing = 0;
		};
/* End PBXFrameworksBuildPhase section */

/* Begin PBXGroup section */
		72E0A2D22AE8EF6C0026CCF2 = {
			isa = PBXGroup;
			children = (
				72E0A2DD2AE8EF6C0026CCF2 /* ContactList */,
				72E0A2DC2AE8EF6C0026CCF2 /* Products */,
			);
			sourceTree = "<group>";
		};
		72E0A2DC2AE8EF6C0026CCF2 /* Products */ = {
			isa = PBXGroup;
			children = (
				72E0A2DB2AE8EF6C0026CCF2 /* ContactList.app */,
			);
			name = Products;
			sourceTree = "<group>";
		};
		72E0A2DD2AE8EF6C0026CCF2 /* ContactList */ = {
			isa = PBXGroup;
			children = (
				72E0A3002AE917E50026CCF2 /* Models */,
				72E0A2FC2AE907BE0026CCF2 /* SupportFiles */,
				72E0A2FA2AE907780026CCF2 /* ViewControllers */,
				72E0A2FB2AE907A80026CCF2 /* Storyboards */,
				72E0A2FD2AE907DB0026CCF2 /* Sourse */,
			);
			path = ContactList;
			sourceTree = "<group>";
		};
		72E0A2FA2AE907780026CCF2 /* ViewControllers */ = {
			isa = PBXGroup;
			children = (
				72E0A2F22AE9005E0026CCF2 /* ContactListTabBar.swift */,
				72E0A2F42AE9031E0026CCF2 /* PersonsListTableVC.swift */,
				72E0A2F82AE907110026CCF2 /* PersonsListMoreVC.swift */,
				72E0A2F62AE903530026CCF2 /* PersonsListDetailTableVC.swift */,
			);
			path = ViewControllers;
			sourceTree = "<group>";
		};
		72E0A2FB2AE907A80026CCF2 /* Storyboards */ = {
			isa = PBXGroup;
			children = (
				72E0A2E42AE8EF6C0026CCF2 /* Main.storyboard */,
				72E0A2E92AE8EF6D0026CCF2 /* LaunchScreen.storyboard */,
			);
			path = Storyboards;
			sourceTree = "<group>";
		};
		72E0A2FC2AE907BE0026CCF2 /* SupportFiles */ = {
			isa = PBXGroup;
			children = (
				72E0A2E02AE8EF6C0026CCF2 /* SceneDelegate.swift */,
				72E0A2DE2AE8EF6C0026CCF2 /* AppDelegate.swift */,
				72E0A2EC2AE8EF6D0026CCF2 /* Info.plist */,
			);
			path = SupportFiles;
			sourceTree = "<group>";
		};
		72E0A2FD2AE907DB0026CCF2 /* Sourse */ = {
			isa = PBXGroup;
			children = (
				72E0A2E72AE8EF6D0026CCF2 /* Assets.xcassets */,
			);
			path = Sourse;
			sourceTree = "<group>";
		};
		72E0A3002AE917E50026CCF2 /* Models */ = {
			isa = PBXGroup;
			children = (
				72E0A2FE2AE917DD0026CCF2 /* Person.swift */,
				72E0A3012AE918A10026CCF2 /* DataStore.swift */,
			);
			path = Models;
			sourceTree = "<group>";
		};
/* End PBXGroup section */

/* Begin PBXNativeTarget section */
		72E0A2DA2AE8EF6C0026CCF2 /* ContactList */ = {
			isa = PBXNativeTarget;
			buildConfigurationList = 72E0A2EF2AE8EF6D0026CCF2 /* Build configuration list for PBXNativeTarget "ContactList" */;
			buildPhases = (
				72E0A2D72AE8EF6C0026CCF2 /* Sources */,
				72E0A2D82AE8EF6C0026CCF2 /* Frameworks */,
				72E0A2D92AE8EF6C0026CCF2 /* Resources */,
			);
			buildRules = (
			);
			dependencies = (
			);
			name = ContactList;
			productName = ContactList;
			productReference = 72E0A2DB2AE8EF6C0026CCF2 /* ContactList.app */;
			productType = "com.apple.product-type.application";
		};
/* End PBXNativeTarget section */

/* Begin PBXProject section */
		72E0A2D32AE8EF6C0026CCF2 /* Project object */ = {
			isa = PBXProject;
			attributes = {
				BuildIndependentTargetsInParallel = 1;
				LastSwiftUpdateCheck = 1500;
				LastUpgradeCheck = 1500;
				TargetAttributes = {
					72E0A2DA2AE8EF6C0026CCF2 = {
						CreatedOnToolsVersion = 15.0;
					};
				};
			};
			buildConfigurationList = 72E0A2D62AE8EF6C0026CCF2 /* Build configuration list for PBXProject "ContactList" */;
			compatibilityVersion = "Xcode 14.0";
			developmentRegion = en;
			hasScannedForEncodings = 0;
			knownRegions = (
				en,
				Base,
			);
			mainGroup = 72E0A2D22AE8EF6C0026CCF2;
			productRefGroup = 72E0A2DC2AE8EF6C0026CCF2 /* Products */;
			projectDirPath = "";
			projectRoot = "";
			targets = (
				72E0A2DA2AE8EF6C0026CCF2 /* ContactList */,
			);
		};
/* End PBXProject section */

/* Begin PBXResourcesBuildPhase section */
		72E0A2D92AE8EF6C0026CCF2 /* Resources */ = {
			isa = PBXResourcesBuildPhase;
			buildActionMask = 2147483647;
			files = (
				72E0A2EB2AE8EF6D0026CCF2 /* LaunchScreen.storyboard in Resources */,
				72E0A2E82AE8EF6D0026CCF2 /* Assets.xcassets in Resources */,
				72E0A2E62AE8EF6C0026CCF2 /* Main.storyboard in Resources */,
			);
			runOnlyForDeploymentPostprocessing = 0;
		};
/* End PBXResourcesBuildPhase section */

/* Begin PBXSourcesBuildPhase section */
		72E0A2D72AE8EF6C0026CCF2 /* Sources */ = {
			isa = PBXSourcesBuildPhase;
			buildActionMask = 2147483647;
			files = (
				72E0A2DF2AE8EF6C0026CCF2 /* AppDelegate.swift in Sources */,
				72E0A3022AE918A10026CCF2 /* DataStore.swift in Sources */,
				72E0A2F92AE907110026CCF2 /* PersonsListMoreVC.swift in Sources */,
				72E0A2F72AE903530026CCF2 /* PersonsListDetailTableVC.swift in Sources */,
				72E0A2F32AE9005E0026CCF2 /* ContactListTabBar.swift in Sources */,
				72E0A2FF2AE917DD0026CCF2 /* Person.swift in Sources */,
				72E0A2F52AE9031E0026CCF2 /* PersonsListTableVC.swift in Sources */,
				72E0A2E12AE8EF6C0026CCF2 /* SceneDelegate.swift in Sources */,
			);
			runOnlyForDeploymentPostprocessing = 0;
		};
/* End PBXSourcesBuildPhase section */

/* Begin PBXVariantGroup section */
		72E0A2E42AE8EF6C0026CCF2 /* Main.storyboard */ = {
			isa = PBXVariantGroup;
			children = (
				72E0A2E52AE8EF6C0026CCF2 /* Base */,
			);
			name = Main.storyboard;
			sourceTree = "<group>";
		};
		72E0A2E92AE8EF6D0026CCF2 /* LaunchScreen.storyboard */ = {
			isa = PBXVariantGroup;
			children = (
				72E0A2EA2AE8EF6D0026CCF2 /* Base */,
			);
			name = LaunchScreen.storyboard;
			sourceTree = "<group>";
		};
/* End PBXVariantGroup section */

/* Begin XCBuildConfiguration section */
		72E0A2ED2AE8EF6D0026CCF2 /* Debug */ = {
			isa = XCBuildConfiguration;
			buildSettings = {
				ALWAYS_SEARCH_USER_PATHS = NO;
				ASSETCATALOG_COMPILER_GENERATE_SWIFT_ASSET_SYMBOL_EXTENSIONS = YES;
				CLANG_ANALYZER_NONNULL = YES;
				CLANG_ANALYZER_NUMBER_OBJECT_CONVERSION = YES_AGGRESSIVE;
				CLANG_CXX_LANGUAGE_STANDARD = "gnu++20";
				CLANG_ENABLE_MODULES = YES;
				CLANG_ENABLE_OBJC_ARC = YES;
				CLANG_ENABLE_OBJC_WEAK = YES;
				CLANG_WARN_BLOCK_CAPTURE_AUTORELEASING = YES;
				CLANG_WARN_BOOL_CONVERSION = YES;
				CLANG_WARN_COMMA = YES;
				CLANG_WARN_CONSTANT_CONVERSION = YES;
				CLANG_WARN_DEPRECATED_OBJC_IMPLEMENTATIONS = YES;
				CLANG_WARN_DIRECT_OBJC_ISA_USAGE = YES_ERROR;
				CLANG_WARN_DOCUMENTATION_COMMENTS = YES;
				CLANG_WARN_EMPTY_BODY = YES;
				CLANG_WARN_ENUM_CONVERSION = YES;
				CLANG_WARN_INFINITE_RECURSION = YES;
				CLANG_WARN_INT_CONVERSION = YES;
				CLANG_WARN_NON_LITERAL_NULL_CONVERSION = YES;
				CLANG_WARN_OBJC_IMPLICIT_RETAIN_SELF = YES;
				CLANG_WARN_OBJC_LITERAL_CONVERSION = YES;
				CLANG_WARN_OBJC_ROOT_CLASS = YES_ERROR;
				CLANG_WARN_QUOTED_INCLUDE_IN_FRAMEWORK_HEADER = YES;
				CLANG_WARN_RANGE_LOOP_ANALYSIS = YES;
				CLANG_WARN_STRICT_PROTOTYPES = YES;
				CLANG_WARN_SUSPICIOUS_MOVE = YES;
				CLANG_WARN_UNGUARDED_AVAILABILITY = YES_AGGRESSIVE;
				CLANG_WARN_UNREACHABLE_CODE = YES;
				CLANG_WARN__DUPLICATE_METHOD_MATCH = YES;
				COPY_PHASE_STRIP = NO;
				DEBUG_INFORMATION_FORMAT = dwarf;
				ENABLE_STRICT_OBJC_MSGSEND = YES;
				ENABLE_TESTABILITY = YES;
				ENABLE_USER_SCRIPT_SANDBOXING = YES;
				GCC_C_LANGUAGE_STANDARD = gnu17;
				GCC_DYNAMIC_NO_PIC = NO;
				GCC_NO_COMMON_BLOCKS = YES;
				GCC_OPTIMIZATION_LEVEL = 0;
				GCC_PREPROCESSOR_DEFINITIONS = (
					"DEBUG=1",
					"$(inherited)",
				);
				GCC_WARN_64_TO_32_BIT_CONVERSION = YES;
				GCC_WARN_ABOUT_RETURN_TYPE = YES_ERROR;
				GCC_WARN_UNDECLARED_SELECTOR = YES;
				GCC_WARN_UNINITIALIZED_AUTOS = YES_AGGRESSIVE;
				GCC_WARN_UNUSED_FUNCTION = YES;
				GCC_WARN_UNUSED_VARIABLE = YES;
				IPHONEOS_DEPLOYMENT_TARGET = 17.0;
				LOCALIZATION_PREFERS_STRING_CATALOGS = YES;
				MTL_ENABLE_DEBUG_INFO = INCLUDE_SOURCE;
				MTL_FAST_MATH = YES;
				ONLY_ACTIVE_ARCH = YES;
				SDKROOT = iphoneos;
				SWIFT_ACTIVE_COMPILATION_CONDITIONS = "DEBUG $(inherited)";
				SWIFT_OPTIMIZATION_LEVEL = "-Onone";
			};
			name = Debug;
		};
		72E0A2EE2AE8EF6D0026CCF2 /* Release */ = {
			isa = XCBuildConfiguration;
			buildSettings = {
				ALWAYS_SEARCH_USER_PATHS = NO;
				ASSETCATALOG_COMPILER_GENERATE_SWIFT_ASSET_SYMBOL_EXTENSIONS = YES;
				CLANG_ANALYZER_NONNULL = YES;
				CLANG_ANALYZER_NUMBER_OBJECT_CONVERSION = YES_AGGRESSIVE;
				CLANG_CXX_LANGUAGE_STANDARD = "gnu++20";
				CLANG_ENABLE_MODULES = YES;
				CLANG_ENABLE_OBJC_ARC = YES;
				CLANG_ENABLE_OBJC_WEAK = YES;
				CLANG_WARN_BLOCK_CAPTURE_AUTORELEASING = YES;
				CLANG_WARN_BOOL_CONVERSION = YES;
				CLANG_WARN_COMMA = YES;
				CLANG_WARN_CONSTANT_CONVERSION = YES;
				CLANG_WARN_DEPRECATED_OBJC_IMPLEMENTATIONS = YES;
				CLANG_WARN_DIRECT_OBJC_ISA_USAGE = YES_ERROR;
				CLANG_WARN_DOCUMENTATION_COMMENTS = YES;
				CLANG_WARN_EMPTY_BODY = YES;
				CLANG_WARN_ENUM_CONVERSION = YES;
				CLANG_WARN_INFINITE_RECURSION = YES;
				CLANG_WARN_INT_CONVERSION = YES;
				CLANG_WARN_NON_LITERAL_NULL_CONVERSION = YES;
				CLANG_WARN_OBJC_IMPLICIT_RETAIN_SELF = YES;
				CLANG_WARN_OBJC_LITERAL_CONVERSION = YES;
				CLANG_WARN_OBJC_ROOT_CLASS = YES_ERROR;
				CLANG_WARN_QUOTED_INCLUDE_IN_FRAMEWORK_HEADER = YES;
				CLANG_WARN_RANGE_LOOP_ANALYSIS = YES;
				CLANG_WARN_STRICT_PROTOTYPES = YES;
				CLANG_WARN_SUSPICIOUS_MOVE = YES;
				CLANG_WARN_UNGUARDED_AVAILABILITY = YES_AGGRESSIVE;
				CLANG_WARN_UNREACHABLE_CODE = YES;
				CLANG_WARN__DUPLICATE_METHOD_MATCH = YES;
				COPY_PHASE_STRIP = NO;
				DEBUG_INFORMATION_FORMAT = "dwarf-with-dsym";
				ENABLE_NS_ASSERTIONS = NO;
				ENABLE_STRICT_OBJC_MSGSEND = YES;
				ENABLE_USER_SCRIPT_SANDBOXING = YES;
				GCC_C_LANGUAGE_STANDARD = gnu17;
				GCC_NO_COMMON_BLOCKS = YES;
				GCC_WARN_64_TO_32_BIT_CONVERSION = YES;
				GCC_WARN_ABOUT_RETURN_TYPE = YES_ERROR;
				GCC_WARN_UNDECLARED_SELECTOR = YES;
				GCC_WARN_UNINITIALIZED_AUTOS = YES_AGGRESSIVE;
				GCC_WARN_UNUSED_FUNCTION = YES;
				GCC_WARN_UNUSED_VARIABLE = YES;
				IPHONEOS_DEPLOYMENT_TARGET = 17.0;
				LOCALIZATION_PREFERS_STRING_CATALOGS = YES;
				MTL_ENABLE_DEBUG_INFO = NO;
				MTL_FAST_MATH = YES;
				SDKROOT = iphoneos;
				SWIFT_COMPILATION_MODE = wholemodule;
				VALIDATE_PRODUCT = YES;
			};
			name = Release;
		};
		72E0A2F02AE8EF6D0026CCF2 /* Debug */ = {
			isa = XCBuildConfiguration;
			buildSettings = {
				ASSETCATALOG_COMPILER_APPICON_NAME = AppIcon;
				ASSETCATALOG_COMPILER_GLOBAL_ACCENT_COLOR_NAME = AccentColor;
				CODE_SIGN_STYLE = Automatic;
				CURRENT_PROJECT_VERSION = 1;
				GENERATE_INFOPLIST_FILE = YES;
				INFOPLIST_FILE = ContactList/SupportFiles/Info.plist;
				INFOPLIST_KEY_UIApplicationSupportsIndirectInputEvents = YES;
				INFOPLIST_KEY_UILaunchStoryboardName = LaunchScreen;
				INFOPLIST_KEY_UIMainStoryboardFile = Main;
				INFOPLIST_KEY_UISupportedInterfaceOrientations_iPad = "UIInterfaceOrientationPortrait UIInterfaceOrientationPortraitUpsideDown UIInterfaceOrientationLandscapeLeft UIInterfaceOrientationLandscapeRight";
				INFOPLIST_KEY_UISupportedInterfaceOrientations_iPhone = "UIInterfaceOrientationPortrait UIInterfaceOrientationLandscapeLeft UIInterfaceOrientationLandscapeRight";
				LD_RUNPATH_SEARCH_PATHS = (
					"$(inherited)",
					"@executable_path/Frameworks",
				);
				MARKETING_VERSION = 1.0;
				PRODUCT_BUNDLE_IDENTIFIER = swiftbook.ru.ContactList;
				PRODUCT_NAME = "$(TARGET_NAME)";
				SUPPORTED_PLATFORMS = "iphoneos iphonesimulator";
				SUPPORTS_MACCATALYST = NO;
				SUPPORTS_MAC_DESIGNED_FOR_IPHONE_IPAD = NO;
				SWIFT_EMIT_LOC_STRINGS = YES;
				SWIFT_VERSION = 5.0;
				TARGETED_DEVICE_FAMILY = 1;
			};
			name = Debug;
		};
		72E0A2F12AE8EF6D0026CCF2 /* Release */ = {
			isa = XCBuildConfiguration;
			buildSettings = {
				ASSETCATALOG_COMPILER_APPICON_NAME = AppIcon;
				ASSETCATALOG_COMPILER_GLOBAL_ACCENT_COLOR_NAME = AccentColor;
				CODE_SIGN_STYLE = Automatic;
				CURRENT_PROJECT_VERSION = 1;
				GENERATE_INFOPLIST_FILE = YES;
				INFOPLIST_FILE = ContactList/SupportFiles/Info.plist;
				INFOPLIST_KEY_UIApplicationSupportsIndirectInputEvents = YES;
				INFOPLIST_KEY_UILaunchStoryboardName = LaunchScreen;
				INFOPLIST_KEY_UIMainStoryboardFile = Main;
				INFOPLIST_KEY_UISupportedInterfaceOrientations_iPad = "UIInterfaceOrientationPortrait UIInterfaceOrientationPortraitUpsideDown UIInterfaceOrientationLandscapeLeft UIInterfaceOrientationLandscapeRight";
				INFOPLIST_KEY_UISupportedInterfaceOrientations_iPhone = "UIInterfaceOrientationPortrait UIInterfaceOrientationLandscapeLeft UIInterfaceOrientationLandscapeRight";
				LD_RUNPATH_SEARCH_PATHS = (
					"$(inherited)",
					"@executable_path/Frameworks",
				);
				MARKETING_VERSION = 1.0;
				PRODUCT_BUNDLE_IDENTIFIER = swiftbook.ru.ContactList;
				PRODUCT_NAME = "$(TARGET_NAME)";
				SUPPORTED_PLATFORMS = "iphoneos iphonesimulator";
				SUPPORTS_MACCATALYST = NO;
				SUPPORTS_MAC_DESIGNED_FOR_IPHONE_IPAD = NO;
				SWIFT_EMIT_LOC_STRINGS = YES;
				SWIFT_VERSION = 5.0;
				TARGETED_DEVICE_FAMILY = 1;
			};
			name = Release;
		};
/* End XCBuildConfiguration section */

/* Begin XCConfigurationList section */
		72E0A2D62AE8EF6C0026CCF2 /* Build configuration list for PBXProject "ContactList" */ = {
			isa = XCConfigurationList;
			buildConfigurations = (
				72E0A2ED2AE8EF6D0026CCF2 /* Debug */,
				72E0A2EE2AE8EF6D0026CCF2 /* Release */,
			);
			defaultConfigurationIsVisible = 0;
			defaultConfigurationName = Release;
		};
		72E0A2EF2AE8EF6D0026CCF2 /* Build configuration list for PBXNativeTarget "ContactList" */ = {
			isa = XCConfigurationList;
			buildConfigurations = (
				72E0A2F02AE8EF6D0026CCF2 /* Debug */,
				72E0A2F12AE8EF6D0026CCF2 /* Release */,
			);
			defaultConfigurationIsVisible = 0;
			defaultConfigurationName = Release;
		};
/* End XCConfigurationList section */
	};
	rootObject = 72E0A2D32AE8EF6C0026CCF2 /* Project object */;
}
